
Microsoft Visual Studio Solution File, Format Version 12.00
# Visual Studio 15
VisualStudioVersion = 15.0.27130.2010
MinimumVisualStudioVersion = 10.0.40219.1
Project("{FAE04EC0-301F-11D3-BF4B-00C04F79EFBC}") = "WebApi", "WebApi\WebApi.csproj", "{157917F5-EA2F-4288-80A3-143A870C32DD}"
EndProject
Project("{2150E333-8FDC-42A3-9474-1A3956D46DE8}") = "Test", "Test", "{1094445B-768A-4BBC-B5AF-45ED8136ACE4}"
EndProject
Project("{FAE04EC0-301F-11D3-BF4B-00C04F79EFBC}") = "Test", "Test\Test.csproj", "{819A1F7B-555D-4367-9836-23AA4D3CC39C}"
EndProject
Global
	GlobalSection(SolutionConfigurationPlatforms) = preSolution
		Debug|Any CPU = Debug|Any CPU
		Release|Any CPU = Release|Any CPU
	EndGlobalSection
	GlobalSection(ProjectConfigurationPlatforms) = postSolution
		{157917F5-EA2F-4288-80A3-143A870C32DD}.Debug|Any CPU.ActiveCfg = Debug|Any CPU
		{157917F5-EA2F-4288-80A3-143A870C32DD}.Debug|Any CPU.Build.0 = Debug|Any CPU
		{157917F5-EA2F-4288-80A3-143A870C32DD}.Release|Any CPU.ActiveCfg = Release|Any CPU
		{157917F5-EA2F-4288-80A3-143A870C32DD}.Release|Any CPU.Build.0 = Release|Any CPU
		{819A1F7B-555D-4367-9836-23AA4D3CC39C}.Debug|Any CPU.ActiveCfg = Debug|Any CPU
		{819A1F7B-555D-4367-9836-23AA4D3CC39C}.Debug|Any CPU.Build.0 = Debug|Any CPU
		{819A1F7B-555D-4367-9836-23AA4D3CC39C}.Release|Any CPU.ActiveCfg = Release|Any CPU
		{819A1F7B-555D-4367-9836-23AA4D3CC39C}.Release|Any CPU.Build.0 = Release|Any CPU
	EndGlobalSection
	GlobalSection(SolutionProperties) = preSolution
		HideSolutionNode = FALSE
	EndGlobalSection
	GlobalSection(NestedProjects) = preSolution
		{819A1F7B-555D-4367-9836-23AA4D3CC39C} = {1094445B-768A-4BBC-B5AF-45ED8136ACE4}
	EndGlobalSection
	GlobalSection(ExtensibilityGlobals) = postSolution
		SolutionGuid = {7040B451-0502-4802-B68E-816182BB08B2}
	EndGlobalSection
EndGlobal
